
Microsoft Visual Studio Solution File, Format Version 12.00
# Visual Studio Version 16
VisualStudioVersion = 16.0.31410.357
MinimumVisualStudioVersion = 10.0.40219.1
Project("{FAE04EC0-301F-11D3-BF4B-00C04F79EFBC}") = "ProjectTABAC", "ProjectTABAC.csproj", "{628B5501-7D36-423E-A723-95F9EDA5D503}"
EndProject
Project("{00D1A9C2-B5F0-4AF3-8072-F6C62B433612}") = "TabacDB", "..\TabacDB\TabacDB.sqlproj", "{3F7735B2-E6FA-4DF1-80EF-35618A7F4BEE}"
EndProject
Global
	GlobalSection(SolutionConfigurationPlatforms) = preSolution
		Debug|Any CPU = Debug|Any CPU
		Release|Any CPU = Release|Any CPU
	EndGlobalSection
	GlobalSection(ProjectConfigurationPlatforms) = postSolution
		{628B5501-7D36-423E-A723-95F9EDA5D503}.Debug|Any CPU.ActiveCfg = Debug|Any CPU
		{628B5501-7D36-423E-A723-95F9EDA5D503}.Debug|Any CPU.Build.0 = Debug|Any CPU
		{628B5501-7D36-423E-A723-95F9EDA5D503}.Release|Any CPU.ActiveCfg = Release|Any CPU
		{628B5501-7D36-423E-A723-95F9EDA5D503}.Release|Any CPU.Build.0 = Release|Any CPU
		{3F7735B2-E6FA-4DF1-80EF-35618A7F4BEE}.Debug|Any CPU.ActiveCfg = Debug|Any CPU
		{3F7735B2-E6FA-4DF1-80EF-35618A7F4BEE}.Debug|Any CPU.Build.0 = Debug|Any CPU
		{3F7735B2-E6FA-4DF1-80EF-35618A7F4BEE}.Debug|Any CPU.Deploy.0 = Debug|Any CPU
		{3F7735B2-E6FA-4DF1-80EF-35618A7F4BEE}.Release|Any CPU.ActiveCfg = Release|Any CPU
		{3F7735B2-E6FA-4DF1-80EF-35618A7F4BEE}.Release|Any CPU.Build.0 = Release|Any CPU
		{3F7735B2-E6FA-4DF1-80EF-35618A7F4BEE}.Release|Any CPU.Deploy.0 = Release|Any CPU
	EndGlobalSection
	GlobalSection(SolutionProperties) = preSolution
		HideSolutionNode = FALSE
	EndGlobalSection
	GlobalSection(ExtensibilityGlobals) = postSolution
		SolutionGuid = {ECAD3917-EE88-4AC1-B9FC-B21FAF08E612}
	EndGlobalSection
EndGlobal
